// !$*UTF8*$!
{
	archiveVersion = 1;
	classes = {
	};
	objectVersion = 46;
	objects = {

/* Begin PBXBuildFile section */
		9C40FDC31CF748AD003EFFB7 /* AppDelegate.swift in Sources */ = {isa = PBXBuildFile; fileRef = 9C40FDC21CF748AD003EFFB7 /* AppDelegate.swift */; };
		9C40FDC51CF748AD003EFFB7 /* ViewController.swift in Sources */ = {isa = PBXBuildFile; fileRef = 9C40FDC41CF748AD003EFFB7 /* ViewController.swift */; };
		9C40FDC81CF748AD003EFFB7 /* Main.storyboard in Resources */ = {isa = PBXBuildFile; fileRef = 9C40FDC61CF748AD003EFFB7 /* Main.storyboard */; };
		9C40FDCA1CF748AD003EFFB7 /* Assets.xcassets in Resources */ = {isa = PBXBuildFile; fileRef = 9C40FDC91CF748AD003EFFB7 /* Assets.xcassets */; };
		9C40FDCD1CF748AE003EFFB7 /* LaunchScreen.storyboard in Resources */ = {isa = PBXBuildFile; fileRef = 9C40FDCB1CF748AE003EFFB7 /* LaunchScreen.storyboard */; };
		9C40FDD81CF748AE003EFFB7 /* UseLibSampleTests.swift in Sources */ = {isa = PBXBuildFile; fileRef = 9C40FDD71CF748AE003EFFB7 /* UseLibSampleTests.swift */; };
		9C40FDE31CF748AE003EFFB7 /* UseLibSampleUITests.swift in Sources */ = {isa = PBXBuildFile; fileRef = 9C40FDE21CF748AE003EFFB7 /* UseLibSampleUITests.swift */; };
/* End PBXBuildFile section */

/* Begin PBXContainerItemProxy section */
		9C40FDD41CF748AE003EFFB7 /* PBXContainerItemProxy */ = {
			isa = PBXContainerItemProxy;
			containerPortal = 9C40FDB71CF748AD003EFFB7 /* Project object */;
			proxyType = 1;
			remoteGlobalIDString = 9C40FDBE1CF748AD003EFFB7;
			remoteInfo = UseLibSample;
		};
		9C40FDDF1CF748AE003EFFB7 /* PBXContainerItemProxy */ = {
			isa = PBXContainerItemProxy;
			containerPortal = 9C40FDB71CF748AD003EFFB7 /* Project object */;
			proxyType = 1;
			remoteGlobalIDString = 9C40FDBE1CF748AD003EFFB7;
			remoteInfo = UseLibSample;
		};
/* End PBXContainerItemProxy section */

/* Begin PBXFileReference section */
		9C40FDBF1CF748AD003EFFB7 /* UseLibSample.app */ = {isa = PBXFileReference; explicitFileType = wrapper.application; includeInIndex = 0; path = UseLibSample.app; sourceTree = BUILT_PRODUCTS_DIR; };
		9C40FDC21CF748AD003EFFB7 /* AppDelegate.swift */ = {isa = PBXFileReference; lastKnownFileType = sourcecode.swift; path = AppDelegate.swift; sourceTree = "<group>"; };
		9C40FDC41CF748AD003EFFB7 /* ViewController.swift */ = {isa = PBXFileReference; lastKnownFileType = sourcecode.swift; path = ViewController.swift; sourceTree = "<group>"; };
		9C40FDC71CF748AD003EFFB7 /* Base */ = {isa = PBXFileReference; lastKnownFileType = file.storyboard; name = Base; path = Base.lproj/Main.storyboard; sourceTree = "<group>"; };
		9C40FDC91CF748AD003EFFB7 /* Assets.xcassets */ = {isa = PBXFileReference; lastKnownFileType = folder.assetcatalog; path = Assets.xcassets; sourceTree = "<group>"; };
		9C40FDCC1CF748AE003EFFB7 /* Base */ = {isa = PBXFileReference; lastKnownFileType = file.storyboard; name = Base; path = Base.lproj/LaunchScreen.storyboard; sourceTree = "<group>"; };
		9C40FDCE1CF748AE003EFFB7 /* Info.plist */ = {isa = PBXFileReference; lastKnownFileType = text.plist.xml; path = Info.plist; sourceTree = "<group>"; };
		9C40FDD31CF748AE003EFFB7 /* UseLibSampleTests.xctest */ = {isa = PBXFileReference; explicitFileType = wrapper.cfbundle; includeInIndex = 0; path = UseLibSampleTests.xctest; sourceTree = BUILT_PRODUCTS_DIR; };
		9C40FDD71CF748AE003EFFB7 /* UseLibSampleTests.swift */ = {isa = PBXFileReference; lastKnownFileType = sourcecode.swift; path = UseLibSampleTests.swift; sourceTree = "<group>"; };
		9C40FDD91CF748AE003EFFB7 /* Info.plist */ = {isa = PBXFileReference; lastKnownFileType = text.plist.xml; path = Info.plist; sourceTree = "<group>"; };
		9C40FDDE1CF748AE003EFFB7 /* UseLibSampleUITests.xctest */ = {isa = PBXFileReference; explicitFileType = wrapper.cfbundle; includeInIndex = 0; path = UseLibSampleUITests.xctest; sourceTree = BUILT_PRODUCTS_DIR; };
		9C40FDE21CF748AE003EFFB7 /* UseLibSampleUITests.swift */ = {isa = PBXFileReference; lastKnownFileType = sourcecode.swift; path = UseLibSampleUITests.swift; sourceTree = "<group>"; };
		9C40FDE41CF748AE003EFFB7 /* Info.plist */ = {isa = PBXFileReference; lastKnownFileType = text.plist.xml; path = Info.plist; sourceTree = "<group>"; };
/* End PBXFileReference section */

/* Begin PBXFrameworksBuildPhase section */
		9C40FDBC1CF748AD003EFFB7 /* Frameworks */ = {
			isa = PBXFrameworksBuildPhase;
			buildActionMask = 2147483647;
			files = (
			);
			runOnlyForDeploymentPostprocessing = 0;
		};
		9C40FDD01CF748AE003EFFB7 /* Frameworks */ = {
			isa = PBXFrameworksBuildPhase;
			buildActionMask = 2147483647;
			files = (
			);
			runOnlyForDeploymentPostprocessing = 0;
		};
		9C40FDDB1CF748AE003EFFB7 /* Frameworks */ = {
			isa = PBXFrameworksBuildPhase;
			buildActionMask = 2147483647;
			files = (
			);
			runOnlyForDeploymentPostprocessing = 0;
		};
/* End PBXFrameworksBuildPhase section */

/* Begin PBXGroup section */
		9C40FDB61CF748AD003EFFB7 = {
			isa = PBXGroup;
			children = (
				9C40FDC11CF748AD003EFFB7 /* UseLibSample */,
				9C40FDD61CF748AE003EFFB7 /* UseLibSampleTests */,
				9C40FDE11CF748AE003EFFB7 /* UseLibSampleUITests */,
				9C40FDC01CF748AD003EFFB7 /* Products */,
			);
			sourceTree = "<group>";
		};
		9C40FDC01CF748AD003EFFB7 /* Products */ = {
			isa = PBXGroup;
			children = (
				9C40FDBF1CF748AD003EFFB7 /* UseLibSample.app */,
				9C40FDD31CF748AE003EFFB7 /* UseLibSampleTests.xctest */,
				9C40FDDE1CF748AE003EFFB7 /* UseLibSampleUITests.xctest */,
			);
			name = Products;
			sourceTree = "<group>";
		};
		9C40FDC11CF748AD003EFFB7 /* UseLibSample */ = {
			isa = PBXGroup;
			children = (
				9C40FDC21CF748AD003EFFB7 /* AppDelegate.swift */,
				9C40FDC41CF748AD003EFFB7 /* ViewController.swift */,
				9C40FDC61CF748AD003EFFB7 /* Main.storyboard */,
				9C40FDC91CF748AD003EFFB7 /* Assets.xcassets */,
				9C40FDCB1CF748AE003EFFB7 /* LaunchScreen.storyboard */,
				9C40FDCE1CF748AE003EFFB7 /* Info.plist */,
			);
			path = UseLibSample;
			sourceTree = "<group>";
		};
		9C40FDD61CF748AE003EFFB7 /* UseLibSampleTests */ = {
			isa = PBXGroup;
			children = (
				9C40FDD71CF748AE003EFFB7 /* UseLibSampleTests.swift */,
				9C40FDD91CF748AE003EFFB7 /* Info.plist */,
			);
			path = UseLibSampleTests;
			sourceTree = "<group>";
		};
		9C40FDE11CF748AE003EFFB7 /* UseLibSampleUITests */ = {
			isa = PBXGroup;
			children = (
				9C40FDE21CF748AE003EFFB7 /* UseLibSampleUITests.swift */,
				9C40FDE41CF748AE003EFFB7 /* Info.plist */,
			);
			path = UseLibSampleUITests;
			sourceTree = "<group>";
		};
/* End PBXGroup section */

/* Begin PBXNativeTarget section */
		9C40FDBE1CF748AD003EFFB7 /* UseLibSample */ = {
			isa = PBXNativeTarget;
			buildConfigurationList = 9C40FDE71CF748AE003EFFB7 /* Build configuration list for PBXNativeTarget "UseLibSample" */;
			buildPhases = (
				9C40FDBB1CF748AD003EFFB7 /* Sources */,
				9C40FDBC1CF748AD003EFFB7 /* Frameworks */,
				9C40FDBD1CF748AD003EFFB7 /* Resources */,
			);
			buildRules = (
			);
			dependencies = (
			);
			name = UseLibSample;
			productName = UseLibSample;
			productReference = 9C40FDBF1CF748AD003EFFB7 /* UseLibSample.app */;
			productType = "com.apple.product-type.application";
		};
		9C40FDD21CF748AE003EFFB7 /* UseLibSampleTests */ = {
			isa = PBXNativeTarget;
			buildConfigurationList = 9C40FDEA1CF748AE003EFFB7 /* Build configuration list for PBXNativeTarget "UseLibSampleTests" */;
			buildPhases = (
				9C40FDCF1CF748AE003EFFB7 /* Sources */,
				9C40FDD01CF748AE003EFFB7 /* Frameworks */,
				9C40FDD11CF748AE003EFFB7 /* Resources */,
			);
			buildRules = (
			);
			dependencies = (
				9C40FDD51CF748AE003EFFB7 /* PBXTargetDependency */,
			);
			name = UseLibSampleTests;
			productName = UseLibSampleTests;
			productReference = 9C40FDD31CF748AE003EFFB7 /* UseLibSampleTests.xctest */;
			productType = "com.apple.product-type.bundle.unit-test";
		};
		9C40FDDD1CF748AE003EFFB7 /* UseLibSampleUITests */ = {
			isa = PBXNativeTarget;
			buildConfigurationList = 9C40FDED1CF748AE003EFFB7 /* Build configuration list for PBXNativeTarget "UseLibSampleUITests" */;
			buildPhases = (
				9C40FDDA1CF748AE003EFFB7 /* Sources */,
				9C40FDDB1CF748AE003EFFB7 /* Frameworks */,
				9C40FDDC1CF748AE003EFFB7 /* Resources */,
			);
			buildRules = (
			);
			dependencies = (
				9C40FDE01CF748AE003EFFB7 /* PBXTargetDependency */,
			);
			name = UseLibSampleUITests;
			productName = UseLibSampleUITests;
			productReference = 9C40FDDE1CF748AE003EFFB7 /* UseLibSampleUITests.xctest */;
			productType = "com.apple.product-type.bundle.ui-testing";
		};
/* End PBXNativeTarget section */

/* Begin PBXProject section */
		9C40FDB71CF748AD003EFFB7 /* Project object */ = {
			isa = PBXProject;
			attributes = {
				LastSwiftUpdateCheck = 0720;
				LastUpgradeCheck = 0720;
				ORGANIZATIONNAME = kotetu;
				TargetAttributes = {
					9C40FDBE1CF748AD003EFFB7 = {
						CreatedOnToolsVersion = 7.2.1;
						DevelopmentTeam = TXFV3DH636;
					};
					9C40FDD21CF748AE003EFFB7 = {
						CreatedOnToolsVersion = 7.2.1;
						DevelopmentTeam = TXFV3DH636;
						TestTargetID = 9C40FDBE1CF748AD003EFFB7;
					};
					9C40FDDD1CF748AE003EFFB7 = {
						CreatedOnToolsVersion = 7.2.1;
						DevelopmentTeam = TXFV3DH636;
						TestTargetID = 9C40FDBE1CF748AD003EFFB7;
					};
				};
			};
			buildConfigurationList = 9C40FDBA1CF748AD003EFFB7 /* Build configuration list for PBXProject "UseLibSample" */;
			compatibilityVersion = "Xcode 3.2";
			developmentRegion = English;
			hasScannedForEncodings = 0;
			knownRegions = (
				en,
				Base,
			);
			mainGroup = 9C40FDB61CF748AD003EFFB7;
			productRefGroup = 9C40FDC01CF748AD003EFFB7 /* Products */;
			projectDirPath = "";
			projectRoot = "";
			targets = (
				9C40FDBE1CF748AD003EFFB7 /* UseLibSample */,
				9C40FDD21CF748AE003EFFB7 /* UseLibSampleTests */,
				9C40FDDD1CF748AE003EFFB7 /* UseLibSampleUITests */,
			);
		};
/* End PBXProject section */

/* Begin PBXResourcesBuildPhase section */
		9C40FDBD1CF748AD003EFFB7 /* Resources */ = {
			isa = PBXResourcesBuildPhase;
			buildActionMask = 2147483647;
			files = (
				9C40FDCD1CF748AE003EFFB7 /* LaunchScreen.storyboard in Resources */,
				9C40FDCA1CF748AD003EFFB7 /* Assets.xcassets in Resources */,
				9C40FDC81CF748AD003EFFB7 /* Main.storyboard in Resources */,
			);
			runOnlyForDeploymentPostprocessing = 0;
		};
		9C40FDD11CF748AE003EFFB7 /* Resources */ = {
			isa = PBXResourcesBuildPhase;
			buildActionMask = 2147483647;
			files = (
			);
			runOnlyForDeploymentPostprocessing = 0;
		};
		9C40FDDC1CF748AE003EFFB7 /* Resources */ = {
			isa = PBXResourcesBuildPhase;
			buildActionMask = 2147483647;
			files = (
			);
			runOnlyForDeploymentPostprocessing = 0;
		};
/* End PBXResourcesBuildPhase section */

/* Begin PBXSourcesBuildPhase section */
		9C40FDBB1CF748AD003EFFB7 /* Sources */ = {
			isa = PBXSourcesBuildPhase;
			buildActionMask = 2147483647;
			files = (
				9C40FDC51CF748AD003EFFB7 /* ViewController.swift in Sources */,
				9C40FDC31CF748AD003EFFB7 /* AppDelegate.swift in Sources */,
			);
			runOnlyForDeploymentPostprocessing = 0;
		};
		9C40FDCF1CF748AE003EFFB7 /* Sources */ = {
			isa = PBXSourcesBuildPhase;
			buildActionMask = 2147483647;
			files = (
				9C40FDD81CF748AE003EFFB7 /* UseLibSampleTests.swift in Sources */,
			);
			runOnlyForDeploymentPostprocessing = 0;
		};
		9C40FDDA1CF748AE003EFFB7 /* Sources */ = {
			isa = PBXSourcesBuildPhase;
			buildActionMask = 2147483647;
			files = (
				9C40FDE31CF748AE003EFFB7 /* UseLibSampleUITests.swift in Sources */,
			);
			runOnlyForDeploymentPostprocessing = 0;
		};
/* End PBXSourcesBuildPhase section */

/* Begin PBXTargetDependency section */
		9C40FDD51CF748AE003EFFB7 /* PBXTargetDependency */ = {
			isa = PBXTargetDependency;
			target = 9C40FDBE1CF748AD003EFFB7 /* UseLibSample */;
			targetProxy = 9C40FDD41CF748AE003EFFB7 /* PBXContainerItemProxy */;
		};
		9C40FDE01CF748AE003EFFB7 /* PBXTargetDependency */ = {
			isa = PBXTargetDependency;
			target = 9C40FDBE1CF748AD003EFFB7 /* UseLibSample */;
			targetProxy = 9C40FDDF1CF748AE003EFFB7 /* PBXContainerItemProxy */;
		};
/* End PBXTargetDependency section */

/* Begin PBXVariantGroup section */
		9C40FDC61CF748AD003EFFB7 /* Main.storyboard */ = {
			isa = PBXVariantGroup;
			children = (
				9C40FDC71CF748AD003EFFB7 /* Base */,
			);
			name = Main.storyboard;
			sourceTree = "<group>";
		};
		9C40FDCB1CF748AE003EFFB7 /* LaunchScreen.storyboard */ = {
			isa = PBXVariantGroup;
			children = (
				9C40FDCC1CF748AE003EFFB7 /* Base */,
			);
			name = LaunchScreen.storyboard;
			sourceTree = "<group>";
		};
/* End PBXVariantGroup section */

/* Begin XCBuildConfiguration section */
		9C40FDE51CF748AE003EFFB7 /* Debug */ = {
			isa = XCBuildConfiguration;
			buildSettings = {
				ALWAYS_SEARCH_USER_PATHS = NO;
				CLANG_CXX_LANGUAGE_STANDARD = "gnu++0x";
				CLANG_CXX_LIBRARY = "libc++";
				CLANG_ENABLE_MODULES = YES;
				CLANG_ENABLE_OBJC_ARC = YES;
				CLANG_WARN_BOOL_CONVERSION = YES;
				CLANG_WARN_CONSTANT_CONVERSION = YES;
				CLANG_WARN_DIRECT_OBJC_ISA_USAGE = YES_ERROR;
				CLANG_WARN_EMPTY_BODY = YES;
				CLANG_WARN_ENUM_CONVERSION = YES;
				CLANG_WARN_INT_CONVERSION = YES;
				CLANG_WARN_OBJC_ROOT_CLASS = YES_ERROR;
				CLANG_WARN_UNREACHABLE_CODE = YES;
				CLANG_WARN__DUPLICATE_METHOD_MATCH = YES;
				"CODE_SIGN_IDENTITY[sdk=iphoneos*]" = "iPhone Developer";
				COPY_PHASE_STRIP = NO;
				DEBUG_INFORMATION_FORMAT = dwarf;
				ENABLE_STRICT_OBJC_MSGSEND = YES;
				ENABLE_TESTABILITY = YES;
				GCC_C_LANGUAGE_STANDARD = gnu99;
				GCC_DYNAMIC_NO_PIC = NO;
				GCC_NO_COMMON_BLOCKS = YES;
				GCC_OPTIMIZATION_LEVEL = 0;
				GCC_PREPROCESSOR_DEFINITIONS = (
					"DEBUG=1",
					"$(inherited)",
				);
				GCC_WARN_64_TO_32_BIT_CONVERSION = YES;
				GCC_WARN_ABOUT_RETURN_TYPE = YES_ERROR;
				GCC_WARN_UNDECLARED_SELECTOR = YES;
				GCC_WARN_UNINITIALIZED_AUTOS = YES_AGGRESSIVE;
				GCC_WARN_UNUSED_FUNCTION = YES;
				GCC_WARN_UNUSED_VARIABLE = YES;
				IPHONEOS_DEPLOYMENT_TARGET = 9.2;
				MTL_ENABLE_DEBUG_INFO = YES;
				ONLY_ACTIVE_ARCH = YES;
				SDKROOT = iphoneos;
				SWIFT_OPTIMIZATION_LEVEL = "-Onone";
				TARGETED_DEVICE_FAMILY = "1,2";
			};
			name = Debug;
		};
		9C40FDE61CF748AE003EFFB7 /* Release */ = {
			isa = XCBuildConfiguration;
			buildSettings = {
				ALWAYS_SEARCH_USER_PATHS = NO;
				CLANG_CXX_LANGUAGE_STANDARD = "gnu++0x";
				CLANG_CXX_LIBRARY = "libc++";
				CLANG_ENABLE_MODULES = YES;
				CLANG_ENABLE_OBJC_ARC = YES;
				CLANG_WARN_BOOL_CONVERSION = YES;
				CLANG_WARN_CONSTANT_CONVERSION = YES;
				CLANG_WARN_DIRECT_OBJC_ISA_USAGE = YES_ERROR;
				CLANG_WARN_EMPTY_BODY = YES;
				CLANG_WARN_ENUM_CONVERSION = YES;
				CLANG_WARN_INT_CONVERSION = YES;
				CLANG_WARN_OBJC_ROOT_CLASS = YES_ERROR;
				CLANG_WARN_UNREACHABLE_CODE = YES;
				CLANG_WARN__DUPLICATE_METHOD_MATCH = YES;
				"CODE_SIGN_IDENTITY[sdk=iphoneos*]" = "iPhone Developer";
				COPY_PHASE_STRIP = NO;
				DEBUG_INFORMATION_FORMAT = "dwarf-with-dsym";
				ENABLE_NS_ASSERTIONS = NO;
				ENABLE_STRICT_OBJC_MSGSEND = YES;
				GCC_C_LANGUAGE_STANDARD = gnu99;
				GCC_NO_COMMON_BLOCKS = YES;
				GCC_WARN_64_TO_32_BIT_CONVERSION = YES;
				GCC_WARN_ABOUT_RETURN_TYPE = YES_ERROR;
				GCC_WARN_UNDECLARED_SELECTOR = YES;
				GCC_WARN_UNINITIALIZED_AUTOS = YES_AGGRESSIVE;
				GCC_WARN_UNUSED_FUNCTION = YES;
				GCC_WARN_UNUSED_VARIABLE = YES;
				IPHONEOS_DEPLOYMENT_TARGET = 9.2;
				MTL_ENABLE_DEBUG_INFO = NO;
				SDKROOT = iphoneos;
				TARGETED_DEVICE_FAMILY = "1,2";
				VALIDATE_PRODUCT = YES;
			};
			name = Release;
		};
		9C40FDE81CF748AE003EFFB7 /* Debug */ = {
			isa = XCBuildConfiguration;
			buildSettings = {
				ASSETCATALOG_COMPILER_APPICON_NAME = AppIcon;
				INFOPLIST_FILE = UseLibSample/Info.plist;
				IPHONEOS_DEPLOYMENT_TARGET = 8.0;
				LD_RUNPATH_SEARCH_PATHS = "$(inherited) @executable_path/Frameworks";
				PRODUCT_BUNDLE_IDENTIFIER = jp.kotetu.sample.uselib.UseLibSample;
				PRODUCT_NAME = "$(TARGET_NAME)";
			};
			name = Debug;
		};
		9C40FDE91CF748AE003EFFB7 /* Release */ = {
			isa = XCBuildConfiguration;
			buildSettings = {
				ASSETCATALOG_COMPILER_APPICON_NAME = AppIcon;
				INFOPLIST_FILE = UseLibSample/Info.plist;
				IPHONEOS_DEPLOYMENT_TARGET = 8.0;
				LD_RUNPATH_SEARCH_PATHS = "$(inherited) @executable_path/Frameworks";
				PRODUCT_BUNDLE_IDENTIFIER = jp.kotetu.sample.uselib.UseLibSample;
				PRODUCT_NAME = "$(TARGET_NAME)";
			};
			name = Release;
		};
		9C40FDEB1CF748AE003EFFB7 /* Debug */ = {
			isa = XCBuildConfiguration;
			buildSettings = {
				BUNDLE_LOADER = "$(TEST_HOST)";
				INFOPLIST_FILE = UseLibSampleTests/Info.plist;
				LD_RUNPATH_SEARCH_PATHS = "$(inherited) @executable_path/Frameworks @loader_path/Frameworks";
				PRODUCT_BUNDLE_IDENTIFIER = jp.kotetu.sample.uselib.UseLibSampleTests;
				PRODUCT_NAME = "$(TARGET_NAME)";
				TEST_HOST = "$(BUILT_PRODUCTS_DIR)/UseLibSample.app/UseLibSample";
			};
			name = Debug;
		};
		9C40FDEC1CF748AE003EFFB7 /* Release */ = {
			isa = XCBuildConfiguration;
			buildSettings = {
				BUNDLE_LOADER = "$(TEST_HOST)";
				INFOPLIST_FILE = UseLibSampleTests/Info.plist;
				LD_RUNPATH_SEARCH_PATHS = "$(inherited) @executable_path/Frameworks @loader_path/Frameworks";
				PRODUCT_BUNDLE_IDENTIFIER = jp.kotetu.sample.uselib.UseLibSampleTests;
				PRODUCT_NAME = "$(TARGET_NAME)";
				TEST_HOST = "$(BUILT_PRODUCTS_DIR)/UseLibSample.app/UseLibSample";
			};
			name = Release;
		};
		9C40FDEE1CF748AE003EFFB7 /* Debug */ = {
			isa = XCBuildConfiguration;
			buildSettings = {
				INFOPLIST_FILE = UseLibSampleUITests/Info.plist;
				LD_RUNPATH_SEARCH_PATHS = "$(inherited) @executable_path/Frameworks @loader_path/Frameworks";
				PRODUCT_BUNDLE_IDENTIFIER = jp.kotetu.sample.uselib.UseLibSampleUITests;
				PRODUCT_NAME = "$(TARGET_NAME)";
				TEST_TARGET_NAME = UseLibSample;
				USES_XCTRUNNER = YES;
			};
			name = Debug;
		};
		9C40FDEF1CF748AE003EFFB7 /* Release */ = {
			isa = XCBuildConfiguration;
			buildSettings = {
				INFOPLIST_FILE = UseLibSampleUITests/Info.plist;
				LD_RUNPATH_SEARCH_PATHS = "$(inherited) @executable_path/Frameworks @loader_path/Frameworks";
				PRODUCT_BUNDLE_IDENTIFIER = jp.kotetu.sample.uselib.UseLibSampleUITests;
				PRODUCT_NAME = "$(TARGET_NAME)";
				TEST_TARGET_NAME = UseLibSample;
				USES_XCTRUNNER = YES;
			};
			name = Release;
		};
/* End XCBuildConfiguration section */

/* Begin XCConfigurationList section */
		9C40FDBA1CF748AD003EFFB7 /* Build configuration list for PBXProject "UseLibSample" */ = {
			isa = XCConfigurationList;
			buildConfigurations = (
				9C40FDE51CF748AE003EFFB7 /* Debug */,
				9C40FDE61CF748AE003EFFB7 /* Release */,
			);
			defaultConfigurationIsVisible = 0;
			defaultConfigurationName = Release;
		};
		9C40FDE71CF748AE003EFFB7 /* Build configuration list for PBXNativeTarget "UseLibSample" */ = {
			isa = XCConfigurationList;
			buildConfigurations = (
				9C40FDE81CF748AE003EFFB7 /* Debug */,
				9C40FDE91CF748AE003EFFB7 /* Release */,
			);
			defaultConfigurationIsVisible = 0;
		};
		9C40FDEA1CF748AE003EFFB7 /* Build configuration list for PBXNativeTarget "UseLibSampleTests" */ = {
			isa = XCConfigurationList;
			buildConfigurations = (
				9C40FDEB1CF748AE003EFFB7 /* Debug */,
				9C40FDEC1CF748AE003EFFB7 /* Release */,
			);
			defaultConfigurationIsVisible = 0;
		};
		9C40FDED1CF748AE003EFFB7 /* Build configuration list for PBXNativeTarget "UseLibSampleUITests" */ = {
			isa = XCConfigurationList;
			buildConfigurations = (
				9C40FDEE1CF748AE003EFFB7 /* Debug */,
				9C40FDEF1CF748AE003EFFB7 /* Release */,
			);
			defaultConfigurationIsVisible = 0;
		};
/* End XCConfigurationList section */
	};
	rootObject = 9C40FDB71CF748AD003EFFB7 /* Project object */;
}
